PODS:
  - SavannaKit (0.9.0)
  - SourceEditor (1.0.1):
    - SavannaKit (~> 0.9)

DEPENDENCIES:
  - SourceEditor

SPEC REPOS:
  https://github.com/cocoapods/specs.git:
    - SavannaKit
    - SourceEditor

SPEC CHECKSUMS:
  SavannaKit: 920c240bde011900df8156200a960dad3ee5edfd
  SourceEditor: 4d590385d642c812d08a91941a4bfc90eccf20af

PODFILE CHECKSUM: 2d220a648cc2b5922f1e7ec3578297f401eb0b76

COCOAPODS: 1.5.2
