PODS:
  - SavannaKit (0.9.0)
  - SourceEditor (1.0.1):
    - SavannaKit (~> 0.9)
  - SplitKit (1.0.2)

DEPENDENCIES:
  - SourceEditor
  - SplitKit

SPEC REPOS:
  https://github.com/cocoapods/specs.git:
    - SavannaKit
    - SourceEditor
    - SplitKit

SPEC CHECKSUMS:
  SavannaKit: 920c240bde011900df8156200a960dad3ee5edfd
  SourceEditor: 4d590385d642c812d08a91941a4bfc90eccf20af
  SplitKit: a7de0577a6528152cd41bc0667ccc78a33abe6e8

PODFILE CHECKSUM: bfd1e396450d32684e449285c609533f4d8389a1

COCOAPODS: 1.5.3
