// !$*UTF8*$!
{
	archiveVersion = 1;
	classes = {
	};
	objectVersion = 50;
	objects = {

/* Begin PBXBuildFile section */
		221CD96421DFAABF00F3B47C /* libc++.tbd in Frameworks */ = {isa = PBXBuildFile; fileRef = 221CD96321DFAABF00F3B47C /* libc++.tbd */; };
		22288E082211FAC20081D86C /* Accelerate.framework in Frameworks */ = {isa = PBXBuildFile; fileRef = 22288E072211FAC20081D86C /* Accelerate.framework */; };
		22E8FEE721C66AD100967E21 /* Python3_ios.h in Headers */ = {isa = PBXBuildFile; fileRef = 22E8FEE521C66AD100967E21 /* Python3_ios.h */; settings = {ATTRIBUTES = (Public, ); }; };
		B5034676275415FE009106A5 /* libffi.a in Frameworks */ = {isa = PBXBuildFile; fileRef = B503466F275415F6009106A5 /* libffi.a */; };
		B51A31D627501FD800B46897 /* libpython3.10.a in Frameworks */ = {isa = PBXBuildFile; fileRef = B51A31D527501FD800B46897 /* libpython3.10.a */; };
		B51A31D727501FD800B46897 /* libpython3.10.a in Frameworks */ = {isa = PBXBuildFile; fileRef = B51A31D527501FD800B46897 /* libpython3.10.a */; };
		B51A31D92750202B00B46897 /* _python.c in Sources */ = {isa = PBXBuildFile; fileRef = B51A31D82750202B00B46897 /* _python.c */; };
		B51A31DA2750202B00B46897 /* _python.c in Sources */ = {isa = PBXBuildFile; fileRef = B51A31D82750202B00B46897 /* _python.c */; };
		B51A31E5275020CA00B46897 /* libz.tbd in Frameworks */ = {isa = PBXBuildFile; fileRef = B51A31E4275020C100B46897 /* libz.tbd */; };
		B51A31ED2750213D00B46897 /* libbz2.a in Frameworks */ = {isa = PBXBuildFile; fileRef = B51A31EC2750213D00B46897 /* libbz2.a */; };
		B51A31EE2750213D00B46897 /* libbz2.a in Frameworks */ = {isa = PBXBuildFile; fileRef = B51A31EC2750213D00B46897 /* libbz2.a */; };
		B51A31F02750217600B46897 /* liblzma.a in Frameworks */ = {isa = PBXBuildFile; fileRef = B51A31EF2750217600B46897 /* liblzma.a */; };
		B51A31F12750217600B46897 /* liblzma.a in Frameworks */ = {isa = PBXBuildFile; fileRef = B51A31EF2750217600B46897 /* liblzma.a */; };
		B549F214275A7D1200B5E20A /* libz.tbd in Frameworks */ = {isa = PBXBuildFile; fileRef = B51A31E4275020C100B46897 /* libz.tbd */; };
		B549F216275A865C00B5E20A /* libFFI.a in Frameworks */ = {isa = PBXBuildFile; fileRef = B549F215275A865C00B5E20A /* libFFI.a */; };
		B5D8FCEE276CDF1A009151E8 /* libOpenSSL.a in Frameworks */ = {isa = PBXBuildFile; fileRef = B5D8FCED276CDF19009151E8 /* libOpenSSL.a */; };
		B5D8FCEF276CDF1A009151E8 /* libOpenSSL.a in Frameworks */ = {isa = PBXBuildFile; fileRef = B5D8FCED276CDF19009151E8 /* libOpenSSL.a */; };
		C94002552508279F00EB74EB /* Python3_ios.h in Headers */ = {isa = PBXBuildFile; fileRef = 22E8FEE521C66AD100967E21 /* Python3_ios.h */; settings = {ATTRIBUTES = (Public, ); }; };
		C94003C02508279F00EB74EB /* libsqlite3.tbd in Frameworks */ = {isa = PBXBuildFile; fileRef = C9FDC0F2235B81D6000B0D61 /* libsqlite3.tbd */; };
		C94003C42508279F00EB74EB /* Accelerate.framework in Frameworks */ = {isa = PBXBuildFile; fileRef = 22288E072211FAC20081D86C /* Accelerate.framework */; };
		C94003C62508279F00EB74EB /* libbz2.tbd in Frameworks */ = {isa = PBXBuildFile; fileRef = 226ED58A21C784B200A71A20 /* libbz2.tbd */; };
		C94003C82508279F00EB74EB /* libc++.tbd in Frameworks */ = {isa = PBXBuildFile; fileRef = 221CD96321DFAABF00F3B47C /* libc++.tbd */; };
		C9FDC0F3235B81DB000B0D61 /* libsqlite3.tbd in Frameworks */ = {isa = PBXBuildFile; fileRef = C9FDC0F2235B81D6000B0D61 /* libsqlite3.tbd */; };
/* End PBXBuildFile section */

/* Begin PBXContainerItemProxy section */
		B503466E275415F6009106A5 /* PBXContainerItemProxy */ = {
			isa = PBXContainerItemProxy;
			containerPortal = B5034667275415F6009106A5 /* libffi.xcodeproj */;
			proxyType = 2;
			remoteGlobalIDString = DB13B1661849DF1E0010F42D;
			remoteInfo = "libffi-iOS";
		};
		B5034670275415F6009106A5 /* PBXContainerItemProxy */ = {
			isa = PBXContainerItemProxy;
			containerPortal = B5034667275415F6009106A5 /* libffi.xcodeproj */;
			proxyType = 2;
			remoteGlobalIDString = FDB52FC51F6144FA00AA92E6;
			remoteInfo = "libffi-tvOS";
		};
		B5034672275415F6009106A5 /* PBXContainerItemProxy */ = {
			isa = PBXContainerItemProxy;
			containerPortal = B5034667275415F6009106A5 /* libffi.xcodeproj */;
			proxyType = 2;
			remoteGlobalIDString = DB13B1911849DF510010F42D;
			remoteInfo = "libffi-Mac";
		};
		B5034674275415F6009106A5 /* PBXContainerItemProxy */ = {
			isa = PBXContainerItemProxy;
			containerPortal = B5034667275415F6009106A5 /* libffi.xcodeproj */;
			proxyType = 2;
			remoteGlobalIDString = FDDB2F621F5D846400EF414E;
			remoteInfo = "libffi-static-Mac";
		};
/* End PBXContainerItemProxy section */

/* Begin PBXFileReference section */
		22035C5421F88F5C007A0F60 /* harfbuzz.framework */ = {isa = PBXFileReference; lastKnownFileType = wrapper.framework; name = harfbuzz.framework; path = ../Frameworks/harfbuzz.framework; sourceTree = "<group>"; };
		22035C5521F88F5C007A0F60 /* freetype.framework */ = {isa = PBXFileReference; lastKnownFileType = wrapper.framework; name = freetype.framework; path = ../Frameworks/freetype.framework; sourceTree = "<group>"; };
		22035C7421F8ACEE007A0F60 /* libpng16.a */ = {isa = PBXFileReference; lastKnownFileType = archive.ar; name = libpng16.a; path = ../libpng16.a; sourceTree = "<group>"; };
		221CD96321DFAABF00F3B47C /* libc++.tbd */ = {isa = PBXFileReference; lastKnownFileType = "sourcecode.text-based-dylib-definition"; name = "libc++.tbd"; path = "usr/lib/libc++.tbd"; sourceTree = SDKROOT; };
		22288E072211FAC20081D86C /* Accelerate.framework */ = {isa = PBXFileReference; lastKnownFileType = wrapper.framework; name = Accelerate.framework; path = System/Library/Frameworks/Accelerate.framework; sourceTree = SDKROOT; };
		2261378D21EF71DF0097B3A0 /* libzmq.a */ = {isa = PBXFileReference; lastKnownFileType = archive.ar; name = libzmq.a; path = ../libzmq.a; sourceTree = "<group>"; };
		226ED58021C783FB00A71A20 /* libssh2.framework */ = {isa = PBXFileReference; lastKnownFileType = wrapper.framework; name = libssh2.framework; path = ../Frameworks/libssh2.framework; sourceTree = "<group>"; };
		226ED58121C783FC00A71A20 /* ios_system.framework */ = {isa = PBXFileReference; lastKnownFileType = wrapper.framework; name = ios_system.framework; path = ../Frameworks/ios_system.framework; sourceTree = "<group>"; };
		226ED58221C783FC00A71A20 /* openssl.framework */ = {isa = PBXFileReference; lastKnownFileType = wrapper.framework; name = openssl.framework; path = ../Frameworks/openssl.framework; sourceTree = "<group>"; };
		226ED58621C7840800A71A20 /* libffi.a */ = {isa = PBXFileReference; lastKnownFileType = archive.ar; name = libffi.a; path = ../libffi.a; sourceTree = "<group>"; };
		226ED58A21C784B200A71A20 /* libbz2.tbd */ = {isa = PBXFileReference; lastKnownFileType = "sourcecode.text-based-dylib-definition"; name = libbz2.tbd; path = usr/lib/libbz2.tbd; sourceTree = SDKROOT; };
		22E8FEE221C66AD100967E21 /* pythonA.framework */ = {isa = PBXFileReference; explicitFileType = wrapper.framework; includeInIndex = 0; path = pythonA.framework; sourceTree = BUILT_PRODUCTS_DIR; };
		22E8FEE521C66AD100967E21 /* Python3_ios.h */ = {isa = PBXFileReference; lastKnownFileType = sourcecode.c.h; path = Python3_ios.h; sourceTree = "<group>"; };
		22E8FEE621C66AD100967E21 /* Info.plist */ = {isa = PBXFileReference; lastKnownFileType = text.plist.xml; path = Info.plist; sourceTree = "<group>"; };
		22FDD6A02211C6E1003FABFE /* openblas.framework */ = {isa = PBXFileReference; lastKnownFileType = wrapper.framework; name = openblas.framework; path = ../Frameworks/openblas.framework; sourceTree = "<group>"; };
		B5034667275415F6009106A5 /* libffi.xcodeproj */ = {isa = PBXFileReference; lastKnownFileType = "wrapper.pb-project"; name = libffi.xcodeproj; path = "libffi-3.4.2/libffi.xcodeproj"; sourceTree = "<group>"; };
		B51A31D527501FD800B46897 /* libpython3.10.a */ = {isa = PBXFileReference; lastKnownFileType = archive.ar; path = libpython3.10.a; sourceTree = "<group>"; };
		B51A31D82750202B00B46897 /* _python.c */ = {isa = PBXFileReference; lastKnownFileType = sourcecode.c.c; path = _python.c; sourceTree = "<group>"; };
		B51A31E4275020C100B46897 /* libz.tbd */ = {isa = PBXFileReference; lastKnownFileType = "sourcecode.text-based-dylib-definition"; name = libz.tbd; path = Platforms/MacOSX.platform/Developer/SDKs/MacOSX11.3.sdk/usr/lib/libz.tbd; sourceTree = DEVELOPER_DIR; };
		B51A31EC2750213D00B46897 /* libbz2.a */ = {isa = PBXFileReference; lastKnownFileType = archive.ar; path = libbz2.a; sourceTree = "<group>"; };
		B51A31EF2750217600B46897 /* liblzma.a */ = {isa = PBXFileReference; lastKnownFileType = archive.ar; path = liblzma.a; sourceTree = "<group>"; };
		B549F215275A865C00B5E20A /* libFFI.a */ = {isa = PBXFileReference; lastKnownFileType = archive.ar; path = libFFI.a; sourceTree = "<group>"; };
		B5D8FCED276CDF19009151E8 /* libOpenSSL.a */ = {isa = PBXFileReference; lastKnownFileType = archive.ar; path = libOpenSSL.a; sourceTree = "<group>"; };
		C94003CF2508279F00EB74EB /* python3_ios_screenshots.framework */ = {isa = PBXFileReference; explicitFileType = wrapper.framework; includeInIndex = 0; path = python3_ios_screenshots.framework; sourceTree = BUILT_PRODUCTS_DIR; };
		C94003D0250827A000EB74EB /* python3_ios copy2-Info.plist */ = {isa = PBXFileReference; lastKnownFileType = text.plist.xml; name = "python3_ios copy2-Info.plist"; path = "/Users/adrianlabbe/Desktop/Pyto/python3_ios/Python3_ios/python3_ios copy2-Info.plist"; sourceTree = "<absolute>"; };
		C969D2A123D1FF6500460F05 /* README_BEFORE_UPDATING.md */ = {isa = PBXFileReference; lastKnownFileType = net.daringfireball.markdown; path = README_BEFORE_UPDATING.md; sourceTree = "<group>"; };
		C9B2DD9C235CA71B000BD8C5 /* libffi.a */ = {isa = PBXFileReference; lastKnownFileType = archive.ar; name = libffi.a; path = ../../../Downloads/libffi.a; sourceTree = "<group>"; };
		C9C3306D23C23EF7003B5971 /* python3_ios copy-Info.plist */ = {isa = PBXFileReference; lastKnownFileType = text.plist.xml; name = "python3_ios copy-Info.plist"; path = "/Users/adrianlabbe/Desktop/Pyto/python3_ios/Python3_ios/python3_ios copy-Info.plist"; sourceTree = "<absolute>"; };
		C9FDC071235B7F5F000B0D61 /* liblzma.tbd */ = {isa = PBXFileReference; lastKnownFileType = "sourcecode.text-based-dylib-definition"; name = liblzma.tbd; path = Platforms/MacOSX.platform/Developer/SDKs/MacOSX10.15.sdk/usr/lib/liblzma.tbd; sourceTree = DEVELOPER_DIR; };
		C9FDC0F2235B81D6000B0D61 /* libsqlite3.tbd */ = {isa = PBXFileReference; lastKnownFileType = "sourcecode.text-based-dylib-definition"; name = libsqlite3.tbd; path = Platforms/MacOSX.platform/Developer/SDKs/MacOSX10.15.sdk/usr/lib/libsqlite3.tbd; sourceTree = DEVELOPER_DIR; };
		C9FDC264235BB76D000B0D61 /* libOpenSSL.a */ = {isa = PBXFileReference; lastKnownFileType = archive.ar; name = libOpenSSL.a; path = ../libOpenSSL.a; sourceTree = "<group>"; };
		C9FDC265235BB76D000B0D61 /* libxz.a */ = {isa = PBXFileReference; lastKnownFileType = archive.ar; name = libxz.a; path = ../libxz.a; sourceTree = "<group>"; };
		C9FDC266235BB76D000B0D61 /* libbzip2.a */ = {isa = PBXFileReference; lastKnownFileType = archive.ar; name = libbzip2.a; path = ../libbzip2.a; sourceTree = "<group>"; };
/* End PBXFileReference section */

/* Begin PBXFrameworksBuildPhase section */
		22E8FEDF21C66AD100967E21 /* Frameworks */ = {
			isa = PBXFrameworksBuildPhase;
			buildActionMask = 2147483647;
			files = (
				B51A31E5275020CA00B46897 /* libz.tbd in Frameworks */,
				C9FDC0F3235B81DB000B0D61 /* libsqlite3.tbd in Frameworks */,
				B51A31F02750217600B46897 /* liblzma.a in Frameworks */,
				B5034676275415FE009106A5 /* libffi.a in Frameworks */,
				B51A31ED2750213D00B46897 /* libbz2.a in Frameworks */,
				B51A31D627501FD800B46897 /* libpython3.10.a in Frameworks */,
				B5D8FCEE276CDF1A009151E8 /* libOpenSSL.a in Frameworks */,
				22288E082211FAC20081D86C /* Accelerate.framework in Frameworks */,
				221CD96421DFAABF00F3B47C /* libc++.tbd in Frameworks */,
			);
			runOnlyForDeploymentPostprocessing = 0;
		};
		C94003B72508279F00EB74EB /* Frameworks */ = {
			isa = PBXFrameworksBuildPhase;
			buildActionMask = 2147483647;
			files = (
				B5D8FCEF276CDF1A009151E8 /* libOpenSSL.a in Frameworks */,
				B549F214275A7D1200B5E20A /* libz.tbd in Frameworks */,
				C94003C02508279F00EB74EB /* libsqlite3.tbd in Frameworks */,
				B51A31D727501FD800B46897 /* libpython3.10.a in Frameworks */,
				C94003C42508279F00EB74EB /* Accelerate.framework in Frameworks */,
				C94003C62508279F00EB74EB /* libbz2.tbd in Frameworks */,
				C94003C82508279F00EB74EB /* libc++.tbd in Frameworks */,
				B549F216275A865C00B5E20A /* libFFI.a in Frameworks */,
				B51A31EE2750213D00B46897 /* libbz2.a in Frameworks */,
				B51A31F12750217600B46897 /* liblzma.a in Frameworks */,
			);
			runOnlyForDeploymentPostprocessing = 0;
		};
/* End PBXFrameworksBuildPhase section */

/* Begin PBXGroup section */
		226ED57F21C783FB00A71A20 /* Frameworks */ = {
			isa = PBXGroup;
			children = (
				B51A31E4275020C100B46897 /* libz.tbd */,
				C9B2DD9C235CA71B000BD8C5 /* libffi.a */,
				C9FDC266235BB76D000B0D61 /* libbzip2.a */,
				C9FDC264235BB76D000B0D61 /* libOpenSSL.a */,
				C9FDC265235BB76D000B0D61 /* libxz.a */,
				C9FDC0F2235B81D6000B0D61 /* libsqlite3.tbd */,
				C9FDC071235B7F5F000B0D61 /* liblzma.tbd */,
				22288E072211FAC20081D86C /* Accelerate.framework */,
				22FDD6A02211C6E1003FABFE /* openblas.framework */,
				22035C7421F8ACEE007A0F60 /* libpng16.a */,
				22035C5521F88F5C007A0F60 /* freetype.framework */,
				22035C5421F88F5C007A0F60 /* harfbuzz.framework */,
				2261378D21EF71DF0097B3A0 /* libzmq.a */,
				221CD96321DFAABF00F3B47C /* libc++.tbd */,
				226ED58A21C784B200A71A20 /* libbz2.tbd */,
				226ED58621C7840800A71A20 /* libffi.a */,
				226ED58121C783FC00A71A20 /* ios_system.framework */,
				226ED58021C783FB00A71A20 /* libssh2.framework */,
				226ED58221C783FC00A71A20 /* openssl.framework */,
			);
			name = Frameworks;
			sourceTree = "<group>";
		};
		22E8FED821C66AD100967E21 = {
			isa = PBXGroup;
			children = (
				B5034667275415F6009106A5 /* libffi.xcodeproj */,
				B51A31D527501FD800B46897 /* libpython3.10.a */,
				B5D8FCED276CDF19009151E8 /* libOpenSSL.a */,
				B51A31EC2750213D00B46897 /* libbz2.a */,
				B51A31EF2750217600B46897 /* liblzma.a */,
				B549F215275A865C00B5E20A /* libFFI.a */,
				C969D2A123D1FF6500460F05 /* README_BEFORE_UPDATING.md */,
				22E8FEE421C66AD100967E21 /* Python3_ios */,
				22E8FEE321C66AD100967E21 /* Products */,
				226ED57F21C783FB00A71A20 /* Frameworks */,
				C9C3306D23C23EF7003B5971 /* python3_ios copy-Info.plist */,
				C94003D0250827A000EB74EB /* python3_ios copy2-Info.plist */,
			);
			sourceTree = "<group>";
		};
		22E8FEE321C66AD100967E21 /* Products */ = {
			isa = PBXGroup;
			children = (
				22E8FEE221C66AD100967E21 /* pythonA.framework */,
				C94003CF2508279F00EB74EB /* python3_ios_screenshots.framework */,
			);
			name = Products;
			sourceTree = "<group>";
		};
		22E8FEE421C66AD100967E21 /* Python3_ios */ = {
			isa = PBXGroup;
			children = (
				22E8FEE521C66AD100967E21 /* Python3_ios.h */,
				B51A31D82750202B00B46897 /* _python.c */,
				22E8FEE621C66AD100967E21 /* Info.plist */,
			);
			path = Python3_ios;
			sourceTree = "<group>";
		};
		B5034668275415F6009106A5 /* Products */ = {
			isa = PBXGroup;
			children = (
				B503466F275415F6009106A5 /* libffi.a */,
				B5034671275415F6009106A5 /* libffi.a */,
				B5034673275415F6009106A5 /* ffi.dylib */,
				B5034675275415F6009106A5 /* libffi.a */,
			);
			name = Products;
			sourceTree = "<group>";
		};
/* End PBXGroup section */

/* Begin PBXHeadersBuildPhase section */
		22E8FEDD21C66AD100967E21 /* Headers */ = {
			isa = PBXHeadersBuildPhase;
			buildActionMask = 2147483647;
			files = (
				22E8FEE721C66AD100967E21 /* Python3_ios.h in Headers */,
			);
			runOnlyForDeploymentPostprocessing = 0;
		};
		C94002282508279F00EB74EB /* Headers */ = {
			isa = PBXHeadersBuildPhase;
			buildActionMask = 2147483647;
			files = (
				C94002552508279F00EB74EB /* Python3_ios.h in Headers */,
			);
			runOnlyForDeploymentPostprocessing = 0;
		};
/* End PBXHeadersBuildPhase section */

/* Begin PBXNativeTarget section */
		22E8FEE121C66AD100967E21 /* python3_ios */ = {
			isa = PBXNativeTarget;
			buildConfigurationList = 22E8FEEA21C66AD100967E21 /* Build configuration list for PBXNativeTarget "python3_ios" */;
			buildPhases = (
				22E8FEDD21C66AD100967E21 /* Headers */,
				22E8FEDE21C66AD100967E21 /* Sources */,
				22E8FEDF21C66AD100967E21 /* Frameworks */,
			);
			buildRules = (
			);
			dependencies = (
			);
			name = python3_ios;
			productName = Python3_ios;
			productReference = 22E8FEE221C66AD100967E21 /* pythonA.framework */;
			productType = "com.apple.product-type.framework";
		};
		C94002272508279F00EB74EB /* python3_ios_screenshots */ = {
			isa = PBXNativeTarget;
			buildConfigurationList = C94003CB2508279F00EB74EB /* Build configuration list for PBXNativeTarget "python3_ios_screenshots" */;
			buildPhases = (
				C94002282508279F00EB74EB /* Headers */,
				C94002BD2508279F00EB74EB /* Sources */,
				C94003B72508279F00EB74EB /* Frameworks */,
			);
			buildRules = (
			);
			dependencies = (
			);
			name = python3_ios_screenshots;
			productName = Python3_ios;
			productReference = C94003CF2508279F00EB74EB /* python3_ios_screenshots.framework */;
			productType = "com.apple.product-type.framework";
		};
/* End PBXNativeTarget section */

/* Begin PBXProject section */
		22E8FED921C66AD100967E21 /* Project object */ = {
			isa = PBXProject;
			attributes = {
				LastUpgradeCheck = 1100;
				ORGANIZATIONNAME = "Nicolas Holzschuch";
				TargetAttributes = {
					22E8FEE121C66AD100967E21 = {
						CreatedOnToolsVersion = 10.1;
					};
				};
			};
			buildConfigurationList = 22E8FEDC21C66AD100967E21 /* Build configuration list for PBXProject "Python3_ios" */;
			compatibilityVersion = "Xcode 9.3";
			developmentRegion = en;
			hasScannedForEncodings = 0;
			knownRegions = (
				en,
			);
			mainGroup = 22E8FED821C66AD100967E21;
			productRefGroup = 22E8FEE321C66AD100967E21 /* Products */;
			projectDirPath = "";
			projectReferences = (
				{
					ProductGroup = B5034668275415F6009106A5 /* Products */;
					ProjectRef = B5034667275415F6009106A5 /* libffi.xcodeproj */;
				},
			);
			projectRoot = "";
			targets = (
				22E8FEE121C66AD100967E21 /* python3_ios */,
				C94002272508279F00EB74EB /* python3_ios_screenshots */,
			);
		};
/* End PBXProject section */

/* Begin PBXReferenceProxy section */
		B503466F275415F6009106A5 /* libffi.a */ = {
			isa = PBXReferenceProxy;
			fileType = archive.ar;
			path = libffi.a;
			remoteRef = B503466E275415F6009106A5 /* PBXContainerItemProxy */;
			sourceTree = BUILT_PRODUCTS_DIR;
		};
		B5034671275415F6009106A5 /* libffi.a */ = {
			isa = PBXReferenceProxy;
			fileType = archive.ar;
			path = libffi.a;
			remoteRef = B5034670275415F6009106A5 /* PBXContainerItemProxy */;
			sourceTree = BUILT_PRODUCTS_DIR;
		};
		B5034673275415F6009106A5 /* ffi.dylib */ = {
			isa = PBXReferenceProxy;
			fileType = "compiled.mach-o.dylib";
			path = ffi.dylib;
			remoteRef = B5034672275415F6009106A5 /* PBXContainerItemProxy */;
			sourceTree = BUILT_PRODUCTS_DIR;
		};
		B5034675275415F6009106A5 /* libffi.a */ = {
			isa = PBXReferenceProxy;
			fileType = "compiled.mach-o.dylib";
			path = libffi.a;
			remoteRef = B5034674275415F6009106A5 /* PBXContainerItemProxy */;
			sourceTree = BUILT_PRODUCTS_DIR;
		};
/* End PBXReferenceProxy section */

/* Begin PBXSourcesBuildPhase section */
		22E8FEDE21C66AD100967E21 /* Sources */ = {
			isa = PBXSourcesBuildPhase;
			buildActionMask = 2147483647;
			files = (
				B51A31D92750202B00B46897 /* _python.c in Sources */,
			);
			runOnlyForDeploymentPostprocessing = 0;
		};
		C94002BD2508279F00EB74EB /* Sources */ = {
			isa = PBXSourcesBuildPhase;
			buildActionMask = 2147483647;
			files = (
				B51A31DA2750202B00B46897 /* _python.c in Sources */,
			);
			runOnlyForDeploymentPostprocessing = 0;
		};
/* End PBXSourcesBuildPhase section */

/* Begin XCBuildConfiguration section */
		22E8FEE821C66AD100967E21 /* Debug */ = {
			isa = XCBuildConfiguration;
			buildSettings = {
				ALWAYS_SEARCH_USER_PATHS = NO;
				CLANG_ANALYZER_NONNULL = YES;
				CLANG_ANALYZER_NUMBER_OBJECT_CONVERSION = YES_AGGRESSIVE;
				CLANG_CXX_LANGUAGE_STANDARD = "gnu++14";
				CLANG_CXX_LIBRARY = "libc++";
				CLANG_ENABLE_MODULES = YES;
				CLANG_ENABLE_OBJC_ARC = YES;
				CLANG_ENABLE_OBJC_WEAK = YES;
				CLANG_WARN_BLOCK_CAPTURE_AUTORELEASING = YES;
				CLANG_WARN_BOOL_CONVERSION = YES;
				CLANG_WARN_COMMA = YES;
				CLANG_WARN_CONSTANT_CONVERSION = YES;
				CLANG_WARN_DEPRECATED_OBJC_IMPLEMENTATIONS = YES;
				CLANG_WARN_DIRECT_OBJC_ISA_USAGE = YES_ERROR;
				CLANG_WARN_DOCUMENTATION_COMMENTS = YES;
				CLANG_WARN_EMPTY_BODY = YES;
				CLANG_WARN_ENUM_CONVERSION = YES;
				CLANG_WARN_INFINITE_RECURSION = YES;
				CLANG_WARN_INT_CONVERSION = YES;
				CLANG_WARN_NON_LITERAL_NULL_CONVERSION = YES;
				CLANG_WARN_OBJC_IMPLICIT_RETAIN_SELF = YES;
				CLANG_WARN_OBJC_LITERAL_CONVERSION = YES;
				CLANG_WARN_OBJC_ROOT_CLASS = YES_ERROR;
				CLANG_WARN_RANGE_LOOP_ANALYSIS = YES;
				CLANG_WARN_STRICT_PROTOTYPES = YES;
				CLANG_WARN_SUSPICIOUS_MOVE = YES;
				CLANG_WARN_UNGUARDED_AVAILABILITY = YES_AGGRESSIVE;
				CLANG_WARN_UNREACHABLE_CODE = YES;
				CLANG_WARN__DUPLICATE_METHOD_MATCH = YES;
				CODE_SIGN_IDENTITY = "iPhone Developer";
				COPY_PHASE_STRIP = NO;
				CURRENT_PROJECT_VERSION = 1;
				DEBUG_INFORMATION_FORMAT = dwarf;
				ENABLE_STRICT_OBJC_MSGSEND = YES;
				ENABLE_TESTABILITY = YES;
				GCC_C_LANGUAGE_STANDARD = gnu11;
				GCC_DYNAMIC_NO_PIC = NO;
				GCC_NO_COMMON_BLOCKS = YES;
				GCC_OPTIMIZATION_LEVEL = 0;
				GCC_PREPROCESSOR_DEFINITIONS = (
					"DEBUG=1",
					"$(inherited)",
				);
				GCC_WARN_64_TO_32_BIT_CONVERSION = YES;
				GCC_WARN_ABOUT_RETURN_TYPE = YES_ERROR;
				GCC_WARN_UNDECLARED_SELECTOR = YES;
				GCC_WARN_UNINITIALIZED_AUTOS = YES_AGGRESSIVE;
				GCC_WARN_UNUSED_FUNCTION = YES;
				GCC_WARN_UNUSED_VARIABLE = YES;
				IPHONEOS_DEPLOYMENT_TARGET = 12.1;
				MTL_ENABLE_DEBUG_INFO = INCLUDE_SOURCE;
				MTL_FAST_MATH = YES;
				ONLY_ACTIVE_ARCH = YES;
				SDKROOT = iphoneos;
				VERSIONING_SYSTEM = "apple-generic";
				VERSION_INFO_PREFIX = "";
			};
			name = Debug;
		};
		22E8FEE921C66AD100967E21 /* Release */ = {
			isa = XCBuildConfiguration;
			buildSettings = {
				ALWAYS_SEARCH_USER_PATHS = NO;
				CLANG_ANALYZER_NONNULL = YES;
				CLANG_ANALYZER_NUMBER_OBJECT_CONVERSION = YES_AGGRESSIVE;
				CLANG_CXX_LANGUAGE_STANDARD = "gnu++14";
				CLANG_CXX_LIBRARY = "libc++";
				CLANG_ENABLE_MODULES = YES;
				CLANG_ENABLE_OBJC_ARC = YES;
				CLANG_ENABLE_OBJC_WEAK = YES;
				CLANG_WARN_BLOCK_CAPTURE_AUTORELEASING = YES;
				CLANG_WARN_BOOL_CONVERSION = YES;
				CLANG_WARN_COMMA = YES;
				CLANG_WARN_CONSTANT_CONVERSION = YES;
				CLANG_WARN_DEPRECATED_OBJC_IMPLEMENTATIONS = YES;
				CLANG_WARN_DIRECT_OBJC_ISA_USAGE = YES_ERROR;
				CLANG_WARN_DOCUMENTATION_COMMENTS = YES;
				CLANG_WARN_EMPTY_BODY = YES;
				CLANG_WARN_ENUM_CONVERSION = YES;
				CLANG_WARN_INFINITE_RECURSION = YES;
				CLANG_WARN_INT_CONVERSION = YES;
				CLANG_WARN_NON_LITERAL_NULL_CONVERSION = YES;
				CLANG_WARN_OBJC_IMPLICIT_RETAIN_SELF = YES;
				CLANG_WARN_OBJC_LITERAL_CONVERSION = YES;
				CLANG_WARN_OBJC_ROOT_CLASS = YES_ERROR;
				CLANG_WARN_RANGE_LOOP_ANALYSIS = YES;
				CLANG_WARN_STRICT_PROTOTYPES = YES;
				CLANG_WARN_SUSPICIOUS_MOVE = YES;
				CLANG_WARN_UNGUARDED_AVAILABILITY = YES_AGGRESSIVE;
				CLANG_WARN_UNREACHABLE_CODE = YES;
				CLANG_WARN__DUPLICATE_METHOD_MATCH = YES;
				CODE_SIGN_IDENTITY = "iPhone Developer";
				COPY_PHASE_STRIP = NO;
				CURRENT_PROJECT_VERSION = 1;
				DEBUG_INFORMATION_FORMAT = "dwarf-with-dsym";
				ENABLE_NS_ASSERTIONS = NO;
				ENABLE_STRICT_OBJC_MSGSEND = YES;
				GCC_C_LANGUAGE_STANDARD = gnu11;
				GCC_NO_COMMON_BLOCKS = YES;
				GCC_WARN_64_TO_32_BIT_CONVERSION = YES;
				GCC_WARN_ABOUT_RETURN_TYPE = YES_ERROR;
				GCC_WARN_UNDECLARED_SELECTOR = YES;
				GCC_WARN_UNINITIALIZED_AUTOS = YES_AGGRESSIVE;
				GCC_WARN_UNUSED_FUNCTION = YES;
				GCC_WARN_UNUSED_VARIABLE = YES;
				IPHONEOS_DEPLOYMENT_TARGET = 12.1;
				MTL_ENABLE_DEBUG_INFO = NO;
				MTL_FAST_MATH = YES;
				SDKROOT = iphoneos;
				VALIDATE_PRODUCT = YES;
				VERSIONING_SYSTEM = "apple-generic";
				VERSION_INFO_PREFIX = "";
			};
			name = Release;
		};
		22E8FEEB21C66AD100967E21 /* Debug */ = {
			isa = XCBuildConfiguration;
			buildSettings = {
				APPLICATION_EXTENSION_API_ONLY = YES;
				CODE_SIGN_IDENTITY = "";
				CODE_SIGN_STYLE = Manual;
				DEAD_CODE_STRIPPING = NO;
				DEFINES_MODULE = YES;
				DEVELOPMENT_TEAM = "";
				DYLIB_COMPATIBILITY_VERSION = 1;
				DYLIB_CURRENT_VERSION = 1;
				DYLIB_INSTALL_NAME_BASE = "@rpath";
				ENABLE_BITCODE = NO;
				GCC_WARN_INHIBIT_ALL_WARNINGS = YES;
				HEADER_SEARCH_PATHS = (
					"\"$(SRCROOT)/../libffi\"",
					"\"$(SRCROOT)/../Python-3.10/Include\"",
					"\"$(SRCROOT)/../Python-3.10/Include/internal\"",
				);
				INFOPLIST_FILE = Python3_ios/Info.plist;
				INSTALL_PATH = "$(LOCAL_LIBRARY_DIR)/Frameworks";
				IPHONEOS_DEPLOYMENT_TARGET = 14.0;
				LD_RUNPATH_SEARCH_PATHS = (
					"$(inherited)",
					"@executable_path/Frameworks",
					"@loader_path/Frameworks",
				);
				LIBRARY_SEARCH_PATHS = (
					"\"$(SRCROOT)/..\"",
					"\"$(SRCROOT)/../Python-3.8/Modules/_ctypes/arm64\"",
					"$(PROJECT_DIR)",
					"$(PROJECT_DIR)/ctypes",
					"$(PROJECT_DIR)/libffi-3.4.2",
					"$(PROJECT_DIR)/libffi-3.4.2/build_iphonesimulator-x86_64/.libs",
					"$(PROJECT_DIR)/libffi-3.4.2/build_iphoneos-arm64/.libs",
					"$(PROJECT_DIR)/_ctypes",
				);
				MACH_O_TYPE = mh_dylib;
				OTHER_CFLAGS = (
					"-Wno-unused-result",
					"-Wsign-compare",
					"-Wunreachable-code",
					"-g",
					"-fwrapv",
					"-O3",
					"-Wall",
					"-std=c99",
					"-Wextra",
					"-Wno-unused-result",
					"-Wno-unused-parameter",
					"-Wno-missing-field-initializers",
					"-Wstrict-prototypes",
					"-Werror=implicit-function-declaration",
					"-I../Python-3.10/",
					"-I../Python-3.10/Include",
					"-F",
					../Frameworks/,
					"-I..",
					"-DNDEBUG",
					"-DWITH_PYMALLOC",
					"-DPy_BUILD_CORE=1",
					"-DPy_BUILD_CORE_BUILTIN=1",
					"-DCONFIG_64=1",
					"-DANSI=1",
					"-DHAVE_UINT128_T=1",
					"-UHAVE_LOAD_EXTENSION",
					"-UHAVE_OPENPTY",
					"-DHAVE_DEV_PTC=1",
					"-UHAVE_FORKPTY",
					"-DHAVE_DYNAMIC_LOADING=1",
					"-DXML_POOR_ENTROPY=1",
					"-DALIGNOF_LONG=8",
					"-DALIGNOF_SIZE_T=8",
					"-DHAVE_DYLD_SHARED_CACHE_CONTAINS_PATH=1",
					"-DHAVE_FFI_PREP_CLOSURE_LOC_RUNTIME=1",
					"-DHAVE_FFI_PREP_CLOSURE_LOC=1",
					"-DUSING_APPLE_OS_LIBFFI=1",
				);
				OTHER_CPLUSPLUSFLAGS = "";
				OTHER_LDFLAGS = (
					"-F",
					../Frameworks/,
					"-L",
					../,
					"-lobjc",
				);
				PRODUCT_BUNDLE_IDENTIFIER = "Nicolas-Holzschuch.Python3-ios";
				PRODUCT_NAME = pythonA;
				SKIP_INSTALL = YES;
				STRIP_INSTALLED_PRODUCT = NO;
				STRIP_STYLE = "non-global";
				TARGETED_DEVICE_FAMILY = "1,2";
				VALID_ARCHS = "i386 x86_64 arm64 arm64e armv7 armv7s ";
			};
			name = Debug;
		};
		22E8FEEC21C66AD100967E21 /* Release */ = {
			isa = XCBuildConfiguration;
			buildSettings = {
				APPLICATION_EXTENSION_API_ONLY = YES;
				CODE_SIGN_IDENTITY = "";
				CODE_SIGN_STYLE = Manual;
				DEAD_CODE_STRIPPING = NO;
				DEFINES_MODULE = YES;
				DEVELOPMENT_TEAM = "";
				DYLIB_COMPATIBILITY_VERSION = 1;
				DYLIB_CURRENT_VERSION = 1;
				DYLIB_INSTALL_NAME_BASE = "@rpath";
				ENABLE_BITCODE = NO;
				GCC_WARN_INHIBIT_ALL_WARNINGS = YES;
				HEADER_SEARCH_PATHS = (
					"\"$(SRCROOT)/../libffi\"",
					"\"$(SRCROOT)/../Python-3.10/Include\"",
					"\"$(SRCROOT)/../Python-3.10/Include/internal\"",
				);
				INFOPLIST_FILE = Python3_ios/Info.plist;
				INSTALL_PATH = "$(LOCAL_LIBRARY_DIR)/Frameworks";
				IPHONEOS_DEPLOYMENT_TARGET = 14.0;
				LD_RUNPATH_SEARCH_PATHS = (
					"$(inherited)",
					"@executable_path/Frameworks",
					"@loader_path/Frameworks",
				);
				LIBRARY_SEARCH_PATHS = (
					"\"$(SRCROOT)/..\"",
					"\"$(SRCROOT)/../Python-3.8/Modules/_ctypes/arm64\"",
					"$(PROJECT_DIR)",
					"$(PROJECT_DIR)/ctypes",
					"$(PROJECT_DIR)/libffi-3.4.2",
					"$(PROJECT_DIR)/libffi-3.4.2/build_iphonesimulator-x86_64/.libs",
					"$(PROJECT_DIR)/libffi-3.4.2/build_iphoneos-arm64/.libs",
					"$(PROJECT_DIR)/_ctypes",
				);
				MACH_O_TYPE = mh_dylib;
				OTHER_CFLAGS = (
					"-Wno-unused-result",
					"-Wsign-compare",
					"-Wunreachable-code",
					"-g",
					"-fwrapv",
					"-O3",
					"-Wall",
					"-std=c99",
					"-Wextra",
					"-Wno-unused-result",
					"-Wno-unused-parameter",
					"-Wno-missing-field-initializers",
					"-Wstrict-prototypes",
					"-Werror=implicit-function-declaration",
					"-I../Python-3.10/",
					"-I../Python-3.10/Include",
					"-F",
					../Frameworks/,
					"-I..",
					"-DNDEBUG",
					"-DWITH_PYMALLOC",
					"-DPy_BUILD_CORE=1",
					"-DPy_BUILD_CORE_BUILTIN=1",
					"-DCONFIG_64=1",
					"-DANSI=1",
					"-DHAVE_UINT128_T=1",
					"-UHAVE_LOAD_EXTENSION",
					"-UHAVE_OPENPTY",
					"-DHAVE_DEV_PTC=1",
					"-UHAVE_FORKPTY",
					"-DHAVE_DYNAMIC_LOADING=1",
					"-DXML_POOR_ENTROPY=1",
					"-DALIGNOF_LONG=8",
					"-DALIGNOF_SIZE_T=8",
					"-DHAVE_DYLD_SHARED_CACHE_CONTAINS_PATH=1",
					"-DHAVE_FFI_PREP_CLOSURE_LOC_RUNTIME=1",
					"-DHAVE_FFI_PREP_CLOSURE_LOC=1",
					"-DUSING_APPLE_OS_LIBFFI=1",
				);
				OTHER_CPLUSPLUSFLAGS = "";
				OTHER_LDFLAGS = (
					"-F",
					../Frameworks/,
					"-L",
					../,
					"-lobjc",
				);
				PRODUCT_BUNDLE_IDENTIFIER = "Nicolas-Holzschuch.Python3-ios";
				PRODUCT_NAME = pythonA;
				SKIP_INSTALL = YES;
				STRIP_INSTALLED_PRODUCT = NO;
				STRIP_STYLE = "non-global";
				TARGETED_DEVICE_FAMILY = "1,2";
				VALID_ARCHS = "i386 x86_64 arm64 arm64e armv7 armv7s ";
			};
			name = Release;
		};
		C94003CC2508279F00EB74EB /* Debug */ = {
			isa = XCBuildConfiguration;
			buildSettings = {
				APPLICATION_EXTENSION_API_ONLY = YES;
				CODE_SIGN_IDENTITY = "";
				CODE_SIGN_STYLE = Manual;
				DEAD_CODE_STRIPPING = NO;
				DEFINES_MODULE = YES;
				DEVELOPMENT_TEAM = "";
				DYLIB_COMPATIBILITY_VERSION = 1;
				DYLIB_CURRENT_VERSION = 1;
				DYLIB_INSTALL_NAME_BASE = "@rpath";
				ENABLE_BITCODE = NO;
				GCC_WARN_INHIBIT_ALL_WARNINGS = YES;
				HEADER_SEARCH_PATHS = (
					"\"$(SRCROOT)/../Python-3.10/Include\"",
					"\"$(SRCROOT)/../Python-3.10/Include/internal\"",
					"\"$(SRCROOT)/../libffi\"",
				);
				INFOPLIST_FILE = "python3_ios copy2-Info.plist";
				INSTALL_PATH = "$(LOCAL_LIBRARY_DIR)/Frameworks";
				IPHONEOS_DEPLOYMENT_TARGET = 11.0;
				LD_RUNPATH_SEARCH_PATHS = (
					"$(inherited)",
					"@executable_path/Frameworks",
					"@loader_path/Frameworks",
				);
				LIBRARY_SEARCH_PATHS = (
					"\"$(SRCROOT)/..\"",
					"$(PROJECT_DIR)",
					"$(PROJECT_DIR)/libffi-3.4.2",
					"$(PROJECT_DIR)/libffi-3.4.2/build_iphonesimulator-x86_64/.libs",
					"$(PROJECT_DIR)/libffi-3.4.2/build_iphoneos-arm64/.libs",
				);
				MACH_O_TYPE = mh_dylib;
				OTHER_CFLAGS = (
					"-Wno-unused-result",
					"-Wsign-compare",
					"-Wunreachable-code",
					"-g",
					"-fwrapv",
					"-O3",
					"-Wall",
					"-std=c99",
					"-Wextra",
					"-Wno-unused-result",
					"-Wno-unused-parameter",
					"-Wno-missing-field-initializers",
					"-Wstrict-prototypes",
					"-Werror=implicit-function-declaration",
					"-I../Python-3.8/",
					"-I../Python-3.8/Include",
					"-F",
					../Frameworks/,
					"-I..",
					"-DNDEBUG",
					"-DWITH_PYMALLOC",
					"-DPy_BUILD_CORE=1",
					"-DPy_BUILD_CORE_BUILTIN=1",
					"-DCONFIG_64=1",
					"-DANSI=1",
					"-DHAVE_UINT128_T=1",
					"-UHAVE_LOAD_EXTENSION",
					"-UHAVE_OPENPTY",
					"-DHAVE_DEV_PTC=1",
					"-UHAVE_FORKPTY",
					"-UHAVE_DYNAMIC_LOADING",
					"-DXML_POOR_ENTROPY=1",
					"-DUSING_APPLE_OS_LIBFFI=1",
					"-DHAVE_FFI_PREP_CLOSURE_LOC=1",
					"-DHAVE_FFI_PREP_CLOSURE_LOC_RUNTIME=1",
					"-DHAVE_DYLD_SHARED_CACHE_CONTAINS_PATH=1",
				);
				OTHER_CPLUSPLUSFLAGS = "";
				OTHER_LDFLAGS = (
					"-F",
					../Frameworks/,
					"-L",
					../,
				);
				PRODUCT_BUNDLE_IDENTIFIER = "Nicolas-Holzschuch.Python3-ios";
				PRODUCT_NAME = "$(TARGET_NAME)";
				SKIP_INSTALL = YES;
				STRIP_INSTALLED_PRODUCT = NO;
				STRIP_STYLE = "non-global";
				TARGETED_DEVICE_FAMILY = "1,2";
				VALID_ARCHS = "i386 x86_64 arm64 arm64e armv7 armv7s ";
			};
			name = Debug;
		};
		C94003CD2508279F00EB74EB /* VPP */ = {
			isa = XCBuildConfiguration;
			buildSettings = {
				APPLICATION_EXTENSION_API_ONLY = YES;
				CODE_SIGN_IDENTITY = "";
				CODE_SIGN_STYLE = Manual;
				DEAD_CODE_STRIPPING = NO;
				DEFINES_MODULE = YES;
				DEVELOPMENT_TEAM = "";
				DYLIB_COMPATIBILITY_VERSION = 1;
				DYLIB_CURRENT_VERSION = 1;
				DYLIB_INSTALL_NAME_BASE = "@rpath";
				ENABLE_BITCODE = NO;
				GCC_WARN_INHIBIT_ALL_WARNINGS = YES;
				HEADER_SEARCH_PATHS = (
					"\"$(SRCROOT)/../Python-3.10/Include\"",
					"\"$(SRCROOT)/../Python-3.10/Include/internal\"",
					"\"$(SRCROOT)/../libffi\"",
				);
				INFOPLIST_FILE = "python3_ios copy2-Info.plist";
				INSTALL_PATH = "$(LOCAL_LIBRARY_DIR)/Frameworks";
				IPHONEOS_DEPLOYMENT_TARGET = 11.0;
				LD_RUNPATH_SEARCH_PATHS = (
					"$(inherited)",
					"@executable_path/Frameworks",
					"@loader_path/Frameworks",
				);
				LIBRARY_SEARCH_PATHS = (
					"\"$(SRCROOT)/..\"",
					"$(PROJECT_DIR)",
					"$(PROJECT_DIR)/libffi-3.4.2",
					"$(PROJECT_DIR)/libffi-3.4.2/build_iphonesimulator-x86_64/.libs",
					"$(PROJECT_DIR)/libffi-3.4.2/build_iphoneos-arm64/.libs",
				);
				MACH_O_TYPE = mh_dylib;
				OTHER_CFLAGS = (
					"-Wno-unused-result",
					"-Wsign-compare",
					"-Wunreachable-code",
					"-g",
					"-fwrapv",
					"-O3",
					"-Wall",
					"-std=c99",
					"-Wextra",
					"-Wno-unused-result",
					"-Wno-unused-parameter",
					"-Wno-missing-field-initializers",
					"-Wstrict-prototypes",
					"-Werror=implicit-function-declaration",
					"-I../Python-3.8/",
					"-I../Python-3.8/Include",
					"-F",
					../Frameworks/,
					"-I..",
					"-DNDEBUG",
					"-DWITH_PYMALLOC",
					"-DPy_BUILD_CORE=1",
					"-DPy_BUILD_CORE_BUILTIN=1",
					"-DCONFIG_64=1",
					"-DANSI=1",
					"-DHAVE_UINT128_T=1",
					"-UHAVE_LOAD_EXTENSION",
					"-UHAVE_OPENPTY",
					"-DHAVE_DEV_PTC=1",
					"-UHAVE_FORKPTY",
					"-UHAVE_DYNAMIC_LOADING",
					"-DXML_POOR_ENTROPY=1",
					"-DUSING_APPLE_OS_LIBFFI=1",
					"-DHAVE_FFI_PREP_CLOSURE_LOC=1",
					"-DHAVE_FFI_PREP_CLOSURE_LOC_RUNTIME=1",
					"-DHAVE_DYLD_SHARED_CACHE_CONTAINS_PATH=1",
				);
				OTHER_CPLUSPLUSFLAGS = "";
				OTHER_LDFLAGS = (
					"-F",
					../Frameworks/,
					"-L",
					../,
				);
				PRODUCT_BUNDLE_IDENTIFIER = "Nicolas-Holzschuch.Python3-ios";
				PRODUCT_NAME = "$(TARGET_NAME)";
				SKIP_INSTALL = YES;
				STRIP_INSTALLED_PRODUCT = NO;
				STRIP_STYLE = "non-global";
				TARGETED_DEVICE_FAMILY = "1,2";
				VALID_ARCHS = "i386 x86_64 arm64 arm64e armv7 armv7s ";
			};
			name = VPP;
		};
		C94003CE2508279F00EB74EB /* Release */ = {
			isa = XCBuildConfiguration;
			buildSettings = {
				APPLICATION_EXTENSION_API_ONLY = YES;
				CODE_SIGN_IDENTITY = "";
				CODE_SIGN_STYLE = Manual;
				DEAD_CODE_STRIPPING = NO;
				DEFINES_MODULE = YES;
				DEVELOPMENT_TEAM = "";
				DYLIB_COMPATIBILITY_VERSION = 1;
				DYLIB_CURRENT_VERSION = 1;
				DYLIB_INSTALL_NAME_BASE = "@rpath";
				ENABLE_BITCODE = NO;
				GCC_WARN_INHIBIT_ALL_WARNINGS = YES;
				HEADER_SEARCH_PATHS = (
					"\"$(SRCROOT)/../Python-3.10/Include\"",
					"\"$(SRCROOT)/../Python-3.10/Include/internal\"",
					"\"$(SRCROOT)/../libffi\"",
				);
				INFOPLIST_FILE = "python3_ios copy2-Info.plist";
				INSTALL_PATH = "$(LOCAL_LIBRARY_DIR)/Frameworks";
				IPHONEOS_DEPLOYMENT_TARGET = 11.0;
				LD_RUNPATH_SEARCH_PATHS = (
					"$(inherited)",
					"@executable_path/Frameworks",
					"@loader_path/Frameworks",
				);
				LIBRARY_SEARCH_PATHS = (
					"\"$(SRCROOT)/..\"",
					"$(PROJECT_DIR)",
					"$(PROJECT_DIR)/libffi-3.4.2",
					"$(PROJECT_DIR)/libffi-3.4.2/build_iphonesimulator-x86_64/.libs",
					"$(PROJECT_DIR)/libffi-3.4.2/build_iphoneos-arm64/.libs",
				);
				MACH_O_TYPE = mh_dylib;
				OTHER_CFLAGS = (
					"-Wno-unused-result",
					"-Wsign-compare",
					"-Wunreachable-code",
					"-g",
					"-fwrapv",
					"-O3",
					"-Wall",
					"-std=c99",
					"-Wextra",
					"-Wno-unused-result",
					"-Wno-unused-parameter",
					"-Wno-missing-field-initializers",
					"-Wstrict-prototypes",
					"-Werror=implicit-function-declaration",
					"-I../Python-3.8/",
					"-I../Python-3.8/Include",
					"-F",
					../Frameworks/,
					"-I..",
					"-DNDEBUG",
					"-DWITH_PYMALLOC",
					"-DPy_BUILD_CORE=1",
					"-DPy_BUILD_CORE_BUILTIN=1",
					"-DCONFIG_64=1",
					"-DANSI=1",
					"-DHAVE_UINT128_T=1",
					"-UHAVE_LOAD_EXTENSION",
					"-UHAVE_OPENPTY",
					"-DHAVE_DEV_PTC=1",
					"-UHAVE_FORKPTY",
					"-UHAVE_DYNAMIC_LOADING",
					"-DXML_POOR_ENTROPY=1",
					"-DUSING_APPLE_OS_LIBFFI=1",
					"-DHAVE_FFI_PREP_CLOSURE_LOC=1",
					"-DHAVE_FFI_PREP_CLOSURE_LOC_RUNTIME=1",
					"-DHAVE_DYLD_SHARED_CACHE_CONTAINS_PATH=1",
				);
				OTHER_CPLUSPLUSFLAGS = "";
				OTHER_LDFLAGS = (
					"-F",
					../Frameworks/,
					"-L",
					../,
				);
				PRODUCT_BUNDLE_IDENTIFIER = "Nicolas-Holzschuch.Python3-ios";
				PRODUCT_NAME = "$(TARGET_NAME)";
				SKIP_INSTALL = YES;
				STRIP_INSTALLED_PRODUCT = NO;
				STRIP_STYLE = "non-global";
				TARGETED_DEVICE_FAMILY = "1,2";
				VALID_ARCHS = "i386 x86_64 arm64 arm64e armv7 armv7s ";
			};
			name = Release;
		};
		C967A079249D393500EE3871 /* VPP */ = {
			isa = XCBuildConfiguration;
			buildSettings = {
				ALWAYS_SEARCH_USER_PATHS = NO;
				CLANG_ANALYZER_NONNULL = YES;
				CLANG_ANALYZER_NUMBER_OBJECT_CONVERSION = YES_AGGRESSIVE;
				CLANG_CXX_LANGUAGE_STANDARD = "gnu++14";
				CLANG_CXX_LIBRARY = "libc++";
				CLANG_ENABLE_MODULES = YES;
				CLANG_ENABLE_OBJC_ARC = YES;
				CLANG_ENABLE_OBJC_WEAK = YES;
				CLANG_WARN_BLOCK_CAPTURE_AUTORELEASING = YES;
				CLANG_WARN_BOOL_CONVERSION = YES;
				CLANG_WARN_COMMA = YES;
				CLANG_WARN_CONSTANT_CONVERSION = YES;
				CLANG_WARN_DEPRECATED_OBJC_IMPLEMENTATIONS = YES;
				CLANG_WARN_DIRECT_OBJC_ISA_USAGE = YES_ERROR;
				CLANG_WARN_DOCUMENTATION_COMMENTS = YES;
				CLANG_WARN_EMPTY_BODY = YES;
				CLANG_WARN_ENUM_CONVERSION = YES;
				CLANG_WARN_INFINITE_RECURSION = YES;
				CLANG_WARN_INT_CONVERSION = YES;
				CLANG_WARN_NON_LITERAL_NULL_CONVERSION = YES;
				CLANG_WARN_OBJC_IMPLICIT_RETAIN_SELF = YES;
				CLANG_WARN_OBJC_LITERAL_CONVERSION = YES;
				CLANG_WARN_OBJC_ROOT_CLASS = YES_ERROR;
				CLANG_WARN_RANGE_LOOP_ANALYSIS = YES;
				CLANG_WARN_STRICT_PROTOTYPES = YES;
				CLANG_WARN_SUSPICIOUS_MOVE = YES;
				CLANG_WARN_UNGUARDED_AVAILABILITY = YES_AGGRESSIVE;
				CLANG_WARN_UNREACHABLE_CODE = YES;
				CLANG_WARN__DUPLICATE_METHOD_MATCH = YES;
				CODE_SIGN_IDENTITY = "iPhone Developer";
				COPY_PHASE_STRIP = NO;
				CURRENT_PROJECT_VERSION = 1;
				DEBUG_INFORMATION_FORMAT = dwarf;
				ENABLE_STRICT_OBJC_MSGSEND = YES;
				ENABLE_TESTABILITY = YES;
				GCC_C_LANGUAGE_STANDARD = gnu11;
				GCC_DYNAMIC_NO_PIC = NO;
				GCC_NO_COMMON_BLOCKS = YES;
				GCC_OPTIMIZATION_LEVEL = 0;
				GCC_PREPROCESSOR_DEFINITIONS = (
					"DEBUG=1",
					"$(inherited)",
				);
				GCC_WARN_64_TO_32_BIT_CONVERSION = YES;
				GCC_WARN_ABOUT_RETURN_TYPE = YES_ERROR;
				GCC_WARN_UNDECLARED_SELECTOR = YES;
				GCC_WARN_UNINITIALIZED_AUTOS = YES_AGGRESSIVE;
				GCC_WARN_UNUSED_FUNCTION = YES;
				GCC_WARN_UNUSED_VARIABLE = YES;
				IPHONEOS_DEPLOYMENT_TARGET = 12.1;
				MTL_ENABLE_DEBUG_INFO = INCLUDE_SOURCE;
				MTL_FAST_MATH = YES;
				ONLY_ACTIVE_ARCH = YES;
				SDKROOT = iphoneos;
				VERSIONING_SYSTEM = "apple-generic";
				VERSION_INFO_PREFIX = "";
			};
			name = VPP;
		};
		C967A07A249D393500EE3871 /* VPP */ = {
			isa = XCBuildConfiguration;
			buildSettings = {
				APPLICATION_EXTENSION_API_ONLY = YES;
				CODE_SIGN_IDENTITY = "";
				CODE_SIGN_STYLE = Manual;
				DEAD_CODE_STRIPPING = NO;
				DEFINES_MODULE = YES;
				DEVELOPMENT_TEAM = "";
				DYLIB_COMPATIBILITY_VERSION = 1;
				DYLIB_CURRENT_VERSION = 1;
				DYLIB_INSTALL_NAME_BASE = "@rpath";
				ENABLE_BITCODE = NO;
				GCC_WARN_INHIBIT_ALL_WARNINGS = YES;
				HEADER_SEARCH_PATHS = (
					"\"$(SRCROOT)/../libffi\"",
					"\"$(SRCROOT)/../Python-3.10/Include\"",
					"\"$(SRCROOT)/../Python-3.10/Include/internal\"",
				);
				INFOPLIST_FILE = Python3_ios/Info.plist;
				INSTALL_PATH = "$(LOCAL_LIBRARY_DIR)/Frameworks";
				IPHONEOS_DEPLOYMENT_TARGET = 14.0;
				LD_RUNPATH_SEARCH_PATHS = (
					"$(inherited)",
					"@executable_path/Frameworks",
					"@loader_path/Frameworks",
				);
				LIBRARY_SEARCH_PATHS = (
					"\"$(SRCROOT)/..\"",
					"\"$(SRCROOT)/../Python-3.8/Modules/_ctypes/arm64\"",
					"$(PROJECT_DIR)",
					"$(PROJECT_DIR)/ctypes",
					"$(PROJECT_DIR)/libffi-3.4.2",
					"$(PROJECT_DIR)/libffi-3.4.2/build_iphonesimulator-x86_64/.libs",
					"$(PROJECT_DIR)/libffi-3.4.2/build_iphoneos-arm64/.libs",
					"$(PROJECT_DIR)/_ctypes",
				);
				MACH_O_TYPE = mh_dylib;
				OTHER_CFLAGS = (
					"-Wno-unused-result",
					"-Wsign-compare",
					"-Wunreachable-code",
					"-g",
					"-fwrapv",
					"-O3",
					"-Wall",
					"-std=c99",
					"-Wextra",
					"-Wno-unused-result",
					"-Wno-unused-parameter",
					"-Wno-missing-field-initializers",
					"-Wstrict-prototypes",
					"-Werror=implicit-function-declaration",
					"-I../Python-3.10/",
					"-I../Python-3.10/Include",
					"-F",
					../Frameworks/,
					"-I..",
					"-DNDEBUG",
					"-DWITH_PYMALLOC",
					"-DPy_BUILD_CORE=1",
					"-DPy_BUILD_CORE_BUILTIN=1",
					"-DCONFIG_64=1",
					"-DANSI=1",
					"-DHAVE_UINT128_T=1",
					"-UHAVE_LOAD_EXTENSION",
					"-UHAVE_OPENPTY",
					"-DHAVE_DEV_PTC=1",
					"-UHAVE_FORKPTY",
					"-DHAVE_DYNAMIC_LOADING=1",
					"-DXML_POOR_ENTROPY=1",
					"-DALIGNOF_LONG=8",
					"-DALIGNOF_SIZE_T=8",
					"-DHAVE_DYLD_SHARED_CACHE_CONTAINS_PATH=1",
					"-DHAVE_FFI_PREP_CLOSURE_LOC_RUNTIME=1",
					"-DHAVE_FFI_PREP_CLOSURE_LOC=1",
					"-DUSING_APPLE_OS_LIBFFI=1",
				);
				OTHER_CPLUSPLUSFLAGS = "";
				OTHER_LDFLAGS = (
					"-F",
					../Frameworks/,
					"-L",
					../,
					"-lobjc",
				);
				PRODUCT_BUNDLE_IDENTIFIER = "Nicolas-Holzschuch.Python3-ios";
				PRODUCT_NAME = pythonA;
				SKIP_INSTALL = YES;
				STRIP_INSTALLED_PRODUCT = NO;
				STRIP_STYLE = "non-global";
				TARGETED_DEVICE_FAMILY = "1,2";
				VALID_ARCHS = "i386 x86_64 arm64 arm64e armv7 armv7s ";
			};
			name = VPP;
		};
/* End XCBuildConfiguration section */

/* Begin XCConfigurationList section */
		22E8FEDC21C66AD100967E21 /* Build configuration list for PBXProject "Python3_ios" */ = {
			isa = XCConfigurationList;
			buildConfigurations = (
				22E8FEE821C66AD100967E21 /* Debug */,
				C967A079249D393500EE3871 /* VPP */,
				22E8FEE921C66AD100967E21 /* Release */,
			);
			defaultConfigurationIsVisible = 0;
			defaultConfigurationName = Release;
		};
		22E8FEEA21C66AD100967E21 /* Build configuration list for PBXNativeTarget "python3_ios" */ = {
			isa = XCConfigurationList;
			buildConfigurations = (
				22E8FEEB21C66AD100967E21 /* Debug */,
				C967A07A249D393500EE3871 /* VPP */,
				22E8FEEC21C66AD100967E21 /* Release */,
			);
			defaultConfigurationIsVisible = 0;
			defaultConfigurationName = Release;
		};
		C94003CB2508279F00EB74EB /* Build configuration list for PBXNativeTarget "python3_ios_screenshots" */ = {
			isa = XCConfigurationList;
			buildConfigurations = (
				C94003CC2508279F00EB74EB /* Debug */,
				C94003CD2508279F00EB74EB /* VPP */,
				C94003CE2508279F00EB74EB /* Release */,
			);
			defaultConfigurationIsVisible = 0;
			defaultConfigurationName = Release;
		};
/* End XCConfigurationList section */
	};
	rootObject = 22E8FED921C66AD100967E21 /* Project object */;
}
