{
  "object": {
    "pins": [
      {
        "package": "Dynamic",
        "repositoryURL": "https://github.com/mhdhejazi/Dynamic.git",
        "state": {
          "branch": null,
          "revision": "ab9a2570862d54aed2663691bb767f881226a12f",
          "version": "1.2.0"
        }
      },
      {
        "package": "MarqueeLabel",
        "repositoryURL": "https://github.com/cbpowell/MarqueeLabel",
        "state": {
          "branch": null,
          "revision": "f2c72a5f8568579dade6350dc26a482076d3d346",
          "version": "4.3.0"
        }
      },
      {
        "package": "Pipable",
        "repositoryURL": "https://github.com/ColdGrub1384/Pipable",
        "state": {
          "branch": null,
          "revision": "657043e43cec85552590ad10cca4fd2b2bebcc86",
          "version": "1.0.3"
        }
      }
    ]
  },
  "version": 1
}
